{
  "requires": true,
  "lockfileVersion": 1,
  "dependencies": {
    "node-fetch": {
      "version": "2.6.0",
      "resolved": "https://registry.npmjs.org/node-fetch/-/node-fetch-2.6.0.tgz",
      "integrity": "sha512-8dG4H5ujfvFiqDmVu9fQ5bOHUC15JMjMY/Zumv26oOvvVJjM67KF8koCWIabKQ1GJIa9r2mMZscBq/TbdOcmNA=="
    },
    "xmldom": {
      "version": "0.2.1",
      "resolved": "https://registry.npmjs.org/xmldom/-/xmldom-0.2.1.tgz",
      "integrity": "sha512-kXXiYvmblIgEemGeB75y97FyaZavx6SQhGppLw5TKWAD2Wd0KAly0g23eVLh17YcpxZpnFym1Qk/eaRjy1APPg=="
    },
    "xmltojson": {
      "version": "1.3.5",
      "resolved": "https://registry.npmjs.org/xmltojson/-/xmltojson-1.3.5.tgz",
      "integrity": "sha1-pX0+ARBAS4P2Le76D8/EZXcjMuk="
    }
  }
}
